
Microsoft Visual Studio Solution File, Format Version 10.00
# Visual Studio 2008
Project("{8BC9CEB8-8B4A-11D0-8D11-00A0C91BC942}") = "grow", "lua_project.vcproj", "{8FCED6E8-F3C5-4123-9DA2-F256815D3AAB}"
EndProject
Global
	GlobalSection(SolutionConfigurationPlatforms) = preSolution
		Debug|Win32 = Debug|Win32
		Release|Win32 = Release|Win32
	EndGlobalSection
	GlobalSection(ProjectConfigurationPlatforms) = postSolution
		{8FCED6E8-F3C5-4123-9DA2-F256815D3AAB}.Debug|Win32.ActiveCfg = Debug|Win32
		{8FCED6E8-F3C5-4123-9DA2-F256815D3AAB}.Debug|Win32.Build.0 = Debug|Win32
		{8FCED6E8-F3C5-4123-9DA2-F256815D3AAB}.Release|Win32.ActiveCfg = Release|Win32
		{8FCED6E8-F3C5-4123-9DA2-F256815D3AAB}.Release|Win32.Build.0 = Release|Win32
	EndGlobalSection
	GlobalSection(SolutionProperties) = preSolution
		HideSolutionNode = FALSE
	EndGlobalSection
EndGlobal
